
Microsoft Visual Studio Solution File, Format Version 12.00
# Visual Studio Version 16
VisualStudioVersion = 16.0.30320.27
MinimumVisualStudioVersion = 10.0.40219.1
Project("{9A19103F-16F7-4668-BE54-9A1E7A4F7556}") = "CalculatorConsoleApp", "CalculatorConsoleApp.csproj", "{F0E896B4-4875-4933-9E4E-0C3494B9B93F}"
EndProject
Project("{FAE04EC0-301F-11D3-BF4B-00C04F79EFBC}") = "CalculatorConsoleAppTests", "..\CalculatorConsoleAppTests\CalculatorConsoleAppTests.csproj", "{B542355F-3F20-4181-8F16-862913ED5000}"
EndProject
Global
	GlobalSection(SolutionConfigurationPlatforms) = preSolution
		Debug|Any CPU = Debug|Any CPU
		Release|Any CPU = Release|Any CPU
	EndGlobalSection
	GlobalSection(ProjectConfigurationPlatforms) = postSolution
		{F0E896B4-4875-4933-9E4E-0C3494B9B93F}.Debug|Any CPU.ActiveCfg = Release|Any CPU
		{F0E896B4-4875-4933-9E4E-0C3494B9B93F}.Debug|Any CPU.Build.0 = Release|Any CPU
		{F0E896B4-4875-4933-9E4E-0C3494B9B93F}.Release|Any CPU.ActiveCfg = Release|Any CPU
		{F0E896B4-4875-4933-9E4E-0C3494B9B93F}.Release|Any CPU.Build.0 = Release|Any CPU
		{B542355F-3F20-4181-8F16-862913ED5000}.Debug|Any CPU.ActiveCfg = Debug|Any CPU
		{B542355F-3F20-4181-8F16-862913ED5000}.Debug|Any CPU.Build.0 = Debug|Any CPU
		{B542355F-3F20-4181-8F16-862913ED5000}.Release|Any CPU.ActiveCfg = Release|Any CPU
		{B542355F-3F20-4181-8F16-862913ED5000}.Release|Any CPU.Build.0 = Release|Any CPU
	EndGlobalSection
	GlobalSection(SolutionProperties) = preSolution
		HideSolutionNode = FALSE
	EndGlobalSection
	GlobalSection(ExtensibilityGlobals) = postSolution
		SolutionGuid = {45AEA802-463D-44FA-9F7B-7329F10DE8B6}
	EndGlobalSection
EndGlobal
