
Microsoft Visual Studio Solution File, Format Version 12.00
# Visual Studio Version 16
VisualStudioVersion = 16.0.30320.27
MinimumVisualStudioVersion = 10.0.40219.1
Project("{FAE04EC0-301F-11D3-BF4B-00C04F79EFBC}") = "CalculatorConsoleApp", "CalculatorConsoleApp.csproj", "{F0E896B4-4875-4933-9E4E-0C3494B9B93F}"
EndProject
Project("{FAE04EC0-301F-11D3-BF4B-00C04F79EFBC}") = "CalculatorConsoleAppTest", "..\CalculatorConsoleAppTest\CalculatorConsoleAppTest.csproj", "{68E8F6D0-D750-443F-8B38-0DED2797BF31}"
EndProject
Global
	GlobalSection(SolutionConfigurationPlatforms) = preSolution
		Debug|Any CPU = Debug|Any CPU
		Release|Any CPU = Release|Any CPU
	EndGlobalSection
	GlobalSection(ProjectConfigurationPlatforms) = postSolution
		{F0E896B4-4875-4933-9E4E-0C3494B9B93F}.Debug|Any CPU.ActiveCfg = Debug|Any CPU
		{F0E896B4-4875-4933-9E4E-0C3494B9B93F}.Debug|Any CPU.Build.0 = Debug|Any CPU
		{F0E896B4-4875-4933-9E4E-0C3494B9B93F}.Release|Any CPU.ActiveCfg = Release|Any CPU
		{F0E896B4-4875-4933-9E4E-0C3494B9B93F}.Release|Any CPU.Build.0 = Release|Any CPU
		{68E8F6D0-D750-443F-8B38-0DED2797BF31}.Debug|Any CPU.ActiveCfg = Debug|Any CPU
		{68E8F6D0-D750-443F-8B38-0DED2797BF31}.Debug|Any CPU.Build.0 = Debug|Any CPU
		{68E8F6D0-D750-443F-8B38-0DED2797BF31}.Release|Any CPU.ActiveCfg = Release|Any CPU
		{68E8F6D0-D750-443F-8B38-0DED2797BF31}.Release|Any CPU.Build.0 = Release|Any CPU
	EndGlobalSection
	GlobalSection(SolutionProperties) = preSolution
		HideSolutionNode = FALSE
	EndGlobalSection
	GlobalSection(ExtensibilityGlobals) = postSolution
		SolutionGuid = {45AEA802-463D-44FA-9F7B-7329F10DE8B6}
	EndGlobalSection
EndGlobal
